// !$*UTF8*$!
{
	archiveVersion = 1;
	classes = {
	};
	objectVersion = 55;
	objects = {

/* Begin PBXBuildFile section */
		491DED262793225B00D007C2 /* Interpreter.cpp in Sources */ = {isa = PBXBuildFile; fileRef = 491DED242793225B00D007C2 /* Interpreter.cpp */; };
		491DED29279385B700D007C2 /* Color.cpp in Sources */ = {isa = PBXBuildFile; fileRef = 491DED27279385B700D007C2 /* Color.cpp */; };
		49DAA647278B212E00F67EEB /* main.cpp in Sources */ = {isa = PBXBuildFile; fileRef = 49DAA646278B212E00F67EEB /* main.cpp */; };
		49DAA651278B3AFE00F67EEB /* Compiler.cpp in Sources */ = {isa = PBXBuildFile; fileRef = 49DAA64F278B3AFE00F67EEB /* Compiler.cpp */; };
		49DAA657278CD00500F67EEB /* Scanner.cpp in Sources */ = {isa = PBXBuildFile; fileRef = 49DAA656278CD00500F67EEB /* Scanner.cpp */; };
		49DAA65D2791B78A00F67EEB /* CompileEngine.cpp in Sources */ = {isa = PBXBuildFile; fileRef = 49DAA65B2791B78A00F67EEB /* CompileEngine.cpp */; };
		49DAA6602791C0A500F67EEB /* Decompiler.cpp in Sources */ = {isa = PBXBuildFile; fileRef = 49DAA65F2791C0A500F67EEB /* Decompiler.cpp */; };
/* End PBXBuildFile section */

/* Begin PBXCopyFilesBuildPhase section */
		49DAA641278B212E00F67EEB /* CopyFiles */ = {
			isa = PBXCopyFilesBuildPhase;
			buildActionMask = 2147483647;
			dstPath = /usr/share/man/man1/;
			dstSubfolderSpec = 0;
			files = (
			);
			runOnlyForDeploymentPostprocessing = 1;
		};
/* End PBXCopyFilesBuildPhase section */

/* Begin PBXFileReference section */
		491DED242793225B00D007C2 /* Interpreter.cpp */ = {isa = PBXFileReference; fileEncoding = 4; lastKnownFileType = sourcecode.cpp.cpp; name = Interpreter.cpp; path = ../Interpreter.cpp; sourceTree = "<group>"; };
		491DED252793225B00D007C2 /* Interpreter.h */ = {isa = PBXFileReference; fileEncoding = 4; lastKnownFileType = sourcecode.c.h; name = Interpreter.h; path = ../Interpreter.h; sourceTree = "<group>"; };
		491DED27279385B700D007C2 /* Color.cpp */ = {isa = PBXFileReference; fileEncoding = 4; lastKnownFileType = sourcecode.cpp.cpp; name = Color.cpp; path = ../Color.cpp; sourceTree = "<group>"; };
		491DED28279385B700D007C2 /* Color.h */ = {isa = PBXFileReference; fileEncoding = 4; lastKnownFileType = sourcecode.c.h; name = Color.h; path = ../Color.h; sourceTree = "<group>"; };
		49DAA643278B212E00F67EEB /* CompileArly */ = {isa = PBXFileReference; explicitFileType = "compiled.mach-o.executable"; includeInIndex = 0; path = CompileArly; sourceTree = BUILT_PRODUCTS_DIR; };
		49DAA646278B212E00F67EEB /* main.cpp */ = {isa = PBXFileReference; lastKnownFileType = sourcecode.cpp.cpp; path = main.cpp; sourceTree = "<group>"; };
		49DAA64E278B2E5500F67EEB /* PostLightEffects.arly */ = {isa = PBXFileReference; lastKnownFileType = text; path = PostLightEffects.arly; sourceTree = "<group>"; };
		49DAA64F278B3AFE00F67EEB /* Compiler.cpp */ = {isa = PBXFileReference; lastKnownFileType = sourcecode.cpp.cpp; path = Compiler.cpp; sourceTree = "<group>"; };
		49DAA650278B3AFE00F67EEB /* Compiler.h */ = {isa = PBXFileReference; lastKnownFileType = sourcecode.c.h; path = Compiler.h; sourceTree = "<group>"; };
		49DAA655278CD00500F67EEB /* Scanner.h */ = {isa = PBXFileReference; fileEncoding = 4; lastKnownFileType = sourcecode.c.h; path = Scanner.h; sourceTree = "<group>"; };
		49DAA656278CD00500F67EEB /* Scanner.cpp */ = {isa = PBXFileReference; fileEncoding = 4; lastKnownFileType = sourcecode.cpp.cpp; path = Scanner.cpp; sourceTree = "<group>"; };
		49DAA65A2790B05000F67EEB /* PostLightEffects.arlx */ = {isa = PBXFileReference; lastKnownFileType = file; path = PostLightEffects.arlx; sourceTree = "<group>"; };
		49DAA65B2791B78A00F67EEB /* CompileEngine.cpp */ = {isa = PBXFileReference; fileEncoding = 4; lastKnownFileType = sourcecode.cpp.cpp; path = CompileEngine.cpp; sourceTree = "<group>"; };
		49DAA65C2791B78A00F67EEB /* CompileEngine.h */ = {isa = PBXFileReference; fileEncoding = 4; lastKnownFileType = sourcecode.c.h; path = CompileEngine.h; sourceTree = "<group>"; };
		49DAA65E2791C0A500F67EEB /* Decompiler.h */ = {isa = PBXFileReference; fileEncoding = 4; lastKnownFileType = sourcecode.c.h; path = Decompiler.h; sourceTree = "<group>"; };
		49DAA65F2791C0A500F67EEB /* Decompiler.cpp */ = {isa = PBXFileReference; fileEncoding = 4; lastKnownFileType = sourcecode.cpp.cpp; path = Decompiler.cpp; sourceTree = "<group>"; };
/* End PBXFileReference section */

/* Begin PBXFrameworksBuildPhase section */
		49DAA640278B212E00F67EEB /* Frameworks */ = {
			isa = PBXFrameworksBuildPhase;
			buildActionMask = 2147483647;
			files = (
			);
			runOnlyForDeploymentPostprocessing = 0;
		};
/* End PBXFrameworksBuildPhase section */

/* Begin PBXGroup section */
		49DAA63A278B212E00F67EEB = {
			isa = PBXGroup;
			children = (
				49DAA652278B3B5B00F67EEB /* src */,
				49DAA64D278B2DF200F67EEB /* Scripts */,
				49DAA644278B212E00F67EEB /* Products */,
			);
			sourceTree = "<group>";
		};
		49DAA644278B212E00F67EEB /* Products */ = {
			isa = PBXGroup;
			children = (
				49DAA643278B212E00F67EEB /* CompileArly */,
			);
			name = Products;
			sourceTree = "<group>";
		};
		49DAA64D278B2DF200F67EEB /* Scripts */ = {
			isa = PBXGroup;
			children = (
				49DAA65A2790B05000F67EEB /* PostLightEffects.arlx */,
				49DAA64E278B2E5500F67EEB /* PostLightEffects.arly */,
			);
			name = Scripts;
			sourceTree = "<group>";
		};
		49DAA652278B3B5B00F67EEB /* src */ = {
			isa = PBXGroup;
			children = (
				491DED27279385B700D007C2 /* Color.cpp */,
				491DED28279385B700D007C2 /* Color.h */,
				49DAA64F278B3AFE00F67EEB /* Compiler.cpp */,
				49DAA650278B3AFE00F67EEB /* Compiler.h */,
				49DAA65B2791B78A00F67EEB /* CompileEngine.cpp */,
				49DAA65C2791B78A00F67EEB /* CompileEngine.h */,
				49DAA65F2791C0A500F67EEB /* Decompiler.cpp */,
				49DAA65E2791C0A500F67EEB /* Decompiler.h */,
				491DED242793225B00D007C2 /* Interpreter.cpp */,
				491DED252793225B00D007C2 /* Interpreter.h */,
				49DAA656278CD00500F67EEB /* Scanner.cpp */,
				49DAA655278CD00500F67EEB /* Scanner.h */,
				49DAA646278B212E00F67EEB /* main.cpp */,
			);
			name = src;
			sourceTree = "<group>";
		};
/* End PBXGroup section */

/* Begin PBXNativeTarget section */
		49DAA642278B212E00F67EEB /* CompileArly */ = {
			isa = PBXNativeTarget;
			buildConfigurationList = 49DAA64A278B212E00F67EEB /* Build configuration list for PBXNativeTarget "CompileArly" */;
			buildPhases = (
				49DAA63F278B212E00F67EEB /* Sources */,
				49DAA640278B212E00F67EEB /* Frameworks */,
				49DAA641278B212E00F67EEB /* CopyFiles */,
			);
			buildRules = (
			);
			dependencies = (
			);
			name = CompileArly;
			productName = CompileArly;
			productReference = 49DAA643278B212E00F67EEB /* CompileArly */;
			productType = "com.apple.product-type.tool";
		};
/* End PBXNativeTarget section */

/* Begin PBXProject section */
		49DAA63B278B212E00F67EEB /* Project object */ = {
			isa = PBXProject;
			attributes = {
				BuildIndependentTargetsInParallel = 1;
				LastUpgradeCheck = 1320;
				TargetAttributes = {
					49DAA642278B212E00F67EEB = {
						CreatedOnToolsVersion = 13.2.1;
					};
				};
			};
			buildConfigurationList = 49DAA63E278B212E00F67EEB /* Build configuration list for PBXProject "CompileArly" */;
			compatibilityVersion = "Xcode 13.0";
			developmentRegion = en;
			hasScannedForEncodings = 0;
			knownRegions = (
				en,
				Base,
			);
			mainGroup = 49DAA63A278B212E00F67EEB;
			productRefGroup = 49DAA644278B212E00F67EEB /* Products */;
			projectDirPath = "";
			projectRoot = "";
			targets = (
				49DAA642278B212E00F67EEB /* CompileArly */,
			);
		};
/* End PBXProject section */

/* Begin PBXSourcesBuildPhase section */
		49DAA63F278B212E00F67EEB /* Sources */ = {
			isa = PBXSourcesBuildPhase;
			buildActionMask = 2147483647;
			files = (
				491DED29279385B700D007C2 /* Color.cpp in Sources */,
				49DAA6602791C0A500F67EEB /* Decompiler.cpp in Sources */,
				49DAA657278CD00500F67EEB /* Scanner.cpp in Sources */,
				491DED262793225B00D007C2 /* Interpreter.cpp in Sources */,
				49DAA65D2791B78A00F67EEB /* CompileEngine.cpp in Sources */,
				49DAA647278B212E00F67EEB /* main.cpp in Sources */,
				49DAA651278B3AFE00F67EEB /* Compiler.cpp in Sources */,
			);
			runOnlyForDeploymentPostprocessing = 0;
		};
/* End PBXSourcesBuildPhase section */

/* Begin XCBuildConfiguration section */
		49DAA648278B212E00F67EEB /* Debug */ = {
			isa = XCBuildConfiguration;
			buildSettings = {
				ALWAYS_SEARCH_USER_PATHS = NO;
				CLANG_ANALYZER_NONNULL = YES;
				CLANG_ANALYZER_NUMBER_OBJECT_CONVERSION = YES_AGGRESSIVE;
				CLANG_CXX_LANGUAGE_STANDARD = "gnu++17";
				CLANG_CXX_LIBRARY = "libc++";
				CLANG_ENABLE_MODULES = YES;
				CLANG_ENABLE_OBJC_ARC = YES;
				CLANG_ENABLE_OBJC_WEAK = YES;
				CLANG_WARN_BLOCK_CAPTURE_AUTORELEASING = YES;
				CLANG_WARN_BOOL_CONVERSION = YES;
				CLANG_WARN_COMMA = YES;
				CLANG_WARN_CONSTANT_CONVERSION = YES;
				CLANG_WARN_DEPRECATED_OBJC_IMPLEMENTATIONS = YES;
				CLANG_WARN_DIRECT_OBJC_ISA_USAGE = YES_ERROR;
				CLANG_WARN_DOCUMENTATION_COMMENTS = YES;
				CLANG_WARN_EMPTY_BODY = YES;
				CLANG_WARN_ENUM_CONVERSION = YES;
				CLANG_WARN_INFINITE_RECURSION = YES;
				CLANG_WARN_INT_CONVERSION = YES;
				CLANG_WARN_NON_LITERAL_NULL_CONVERSION = YES;
				CLANG_WARN_OBJC_IMPLICIT_RETAIN_SELF = YES;
				CLANG_WARN_OBJC_LITERAL_CONVERSION = YES;
				CLANG_WARN_OBJC_ROOT_CLASS = YES_ERROR;
				CLANG_WARN_QUOTED_INCLUDE_IN_FRAMEWORK_HEADER = YES;
				CLANG_WARN_RANGE_LOOP_ANALYSIS = YES;
				CLANG_WARN_STRICT_PROTOTYPES = YES;
				CLANG_WARN_SUSPICIOUS_MOVE = YES;
				CLANG_WARN_UNGUARDED_AVAILABILITY = YES_AGGRESSIVE;
				CLANG_WARN_UNREACHABLE_CODE = YES;
				CLANG_WARN__DUPLICATE_METHOD_MATCH = YES;
				COPY_PHASE_STRIP = NO;
				DEBUG_INFORMATION_FORMAT = dwarf;
				ENABLE_STRICT_OBJC_MSGSEND = YES;
				ENABLE_TESTABILITY = YES;
				GCC_C_LANGUAGE_STANDARD = gnu11;
				GCC_DYNAMIC_NO_PIC = NO;
				GCC_NO_COMMON_BLOCKS = YES;
				GCC_OPTIMIZATION_LEVEL = 0;
				GCC_PREPROCESSOR_DEFINITIONS = (
					"DEBUG=1",
					"$(inherited)",
				);
				GCC_WARN_64_TO_32_BIT_CONVERSION = YES;
				GCC_WARN_ABOUT_RETURN_TYPE = YES_ERROR;
				GCC_WARN_UNDECLARED_SELECTOR = YES;
				GCC_WARN_UNINITIALIZED_AUTOS = YES_AGGRESSIVE;
				GCC_WARN_UNUSED_FUNCTION = YES;
				GCC_WARN_UNUSED_VARIABLE = YES;
				MACOSX_DEPLOYMENT_TARGET = 11.6;
				MTL_ENABLE_DEBUG_INFO = INCLUDE_SOURCE;
				MTL_FAST_MATH = YES;
				ONLY_ACTIVE_ARCH = YES;
				SDKROOT = macosx;
			};
			name = Debug;
		};
		49DAA649278B212E00F67EEB /* Release */ = {
			isa = XCBuildConfiguration;
			buildSettings = {
				ALWAYS_SEARCH_USER_PATHS = NO;
				CLANG_ANALYZER_NONNULL = YES;
				CLANG_ANALYZER_NUMBER_OBJECT_CONVERSION = YES_AGGRESSIVE;
				CLANG_CXX_LANGUAGE_STANDARD = "gnu++17";
				CLANG_CXX_LIBRARY = "libc++";
				CLANG_ENABLE_MODULES = YES;
				CLANG_ENABLE_OBJC_ARC = YES;
				CLANG_ENABLE_OBJC_WEAK = YES;
				CLANG_WARN_BLOCK_CAPTURE_AUTORELEASING = YES;
				CLANG_WARN_BOOL_CONVERSION = YES;
				CLANG_WARN_COMMA = YES;
				CLANG_WARN_CONSTANT_CONVERSION = YES;
				CLANG_WARN_DEPRECATED_OBJC_IMPLEMENTATIONS = YES;
				CLANG_WARN_DIRECT_OBJC_ISA_USAGE = YES_ERROR;
				CLANG_WARN_DOCUMENTATION_COMMENTS = YES;
				CLANG_WARN_EMPTY_BODY = YES;
				CLANG_WARN_ENUM_CONVERSION = YES;
				CLANG_WARN_INFINITE_RECURSION = YES;
				CLANG_WARN_INT_CONVERSION = YES;
				CLANG_WARN_NON_LITERAL_NULL_CONVERSION = YES;
				CLANG_WARN_OBJC_IMPLICIT_RETAIN_SELF = YES;
				CLANG_WARN_OBJC_LITERAL_CONVERSION = YES;
				CLANG_WARN_OBJC_ROOT_CLASS = YES_ERROR;
				CLANG_WARN_QUOTED_INCLUDE_IN_FRAMEWORK_HEADER = YES;
				CLANG_WARN_RANGE_LOOP_ANALYSIS = YES;
				CLANG_WARN_STRICT_PROTOTYPES = YES;
				CLANG_WARN_SUSPICIOUS_MOVE = YES;
				CLANG_WARN_UNGUARDED_AVAILABILITY = YES_AGGRESSIVE;
				CLANG_WARN_UNREACHABLE_CODE = YES;
				CLANG_WARN__DUPLICATE_METHOD_MATCH = YES;
				COPY_PHASE_STRIP = NO;
				DEBUG_INFORMATION_FORMAT = "dwarf-with-dsym";
				ENABLE_NS_ASSERTIONS = NO;
				ENABLE_STRICT_OBJC_MSGSEND = YES;
				GCC_C_LANGUAGE_STANDARD = gnu11;
				GCC_NO_COMMON_BLOCKS = YES;
				GCC_WARN_64_TO_32_BIT_CONVERSION = YES;
				GCC_WARN_ABOUT_RETURN_TYPE = YES_ERROR;
				GCC_WARN_UNDECLARED_SELECTOR = YES;
				GCC_WARN_UNINITIALIZED_AUTOS = YES_AGGRESSIVE;
				GCC_WARN_UNUSED_FUNCTION = YES;
				GCC_WARN_UNUSED_VARIABLE = YES;
				MACOSX_DEPLOYMENT_TARGET = 11.6;
				MTL_ENABLE_DEBUG_INFO = NO;
				MTL_FAST_MATH = YES;
				SDKROOT = macosx;
			};
			name = Release;
		};
		49DAA64B278B212E00F67EEB /* Debug */ = {
			isa = XCBuildConfiguration;
			buildSettings = {
				CODE_SIGN_STYLE = Automatic;
				PRODUCT_NAME = "$(TARGET_NAME)";
			};
			name = Debug;
		};
		49DAA64C278B212E00F67EEB /* Release */ = {
			isa = XCBuildConfiguration;
			buildSettings = {
				CODE_SIGN_STYLE = Automatic;
				PRODUCT_NAME = "$(TARGET_NAME)";
			};
			name = Release;
		};
/* End XCBuildConfiguration section */

/* Begin XCConfigurationList section */
		49DAA63E278B212E00F67EEB /* Build configuration list for PBXProject "CompileArly" */ = {
			isa = XCConfigurationList;
			buildConfigurations = (
				49DAA648278B212E00F67EEB /* Debug */,
				49DAA649278B212E00F67EEB /* Release */,
			);
			defaultConfigurationIsVisible = 0;
			defaultConfigurationName = Release;
		};
		49DAA64A278B212E00F67EEB /* Build configuration list for PBXNativeTarget "CompileArly" */ = {
			isa = XCConfigurationList;
			buildConfigurations = (
				49DAA64B278B212E00F67EEB /* Debug */,
				49DAA64C278B212E00F67EEB /* Release */,
			);
			defaultConfigurationIsVisible = 0;
			defaultConfigurationName = Release;
		};
/* End XCConfigurationList section */
	};
	rootObject = 49DAA63B278B212E00F67EEB /* Project object */;
}
