// !$*UTF8*$!
{
	archiveVersion = 1;
	classes = {
	};
	objectVersion = 55;
	objects = {

/* Begin PBXBuildFile section */
		491DED29279385B700D007C2 /* Color.cpp in Sources */ = {isa = PBXBuildFile; fileRef = 491DED27279385B700D007C2 /* Color.cpp */; };
		49BDF4DF27C6EBF700325407 /* NativeColor.cpp in Sources */ = {isa = PBXBuildFile; fileRef = 49BDF4DD27C6EBF700325407 /* NativeColor.cpp */; };
		49DAA647278B212E00F67EEB /* main.cpp in Sources */ = {isa = PBXBuildFile; fileRef = 49DAA646278B212E00F67EEB /* main.cpp */; };
/* End PBXBuildFile section */

/* Begin PBXFileReference section */
		491DED27279385B700D007C2 /* Color.cpp */ = {isa = PBXFileReference; fileEncoding = 4; lastKnownFileType = sourcecode.cpp.cpp; name = Color.cpp; path = ../Color.cpp; sourceTree = "<group>"; };
		491DED28279385B700D007C2 /* Color.h */ = {isa = PBXFileReference; fileEncoding = 4; lastKnownFileType = sourcecode.c.h; name = Color.h; path = ../Color.h; sourceTree = "<group>"; };
		4941A0C72B867F7F00CE3C9E /* PostLightEffects02.arlx */ = {isa = PBXFileReference; lastKnownFileType = file; name = PostLightEffects02.arlx; path = ../PostLightEffects02.arlx; sourceTree = "<group>"; };
		4941A0C82B867F7F00CE3C9E /* PostLightEffects01.arlx */ = {isa = PBXFileReference; lastKnownFileType = file; name = PostLightEffects01.arlx; path = ../PostLightEffects01.arlx; sourceTree = "<group>"; };
		4941A0C92B867F7F00CE3C9E /* PostLightEffects03.arlx */ = {isa = PBXFileReference; lastKnownFileType = file; name = PostLightEffects03.arlx; path = ../PostLightEffects03.arlx; sourceTree = "<group>"; };
		4941A0CA2B867F7F00CE3C9E /* PostLightEffects00.arlx */ = {isa = PBXFileReference; lastKnownFileType = file; name = PostLightEffects00.arlx; path = ../PostLightEffects00.arlx; sourceTree = "<group>"; };
		4963436927A5DC6E00ABF09F /* PostLightEffects.clvr */ = {isa = PBXFileReference; explicitFileType = sourcecode.c; fileEncoding = 4; name = PostLightEffects.clvr; path = ../PostLightEffects.clvr; sourceTree = "<group>"; };
		49BDF4D327C5B5BE00325407 /* InterpretedEffect.cpp */ = {isa = PBXFileReference; fileEncoding = 4; lastKnownFileType = sourcecode.cpp.cpp; name = InterpretedEffect.cpp; path = ../InterpretedEffect.cpp; sourceTree = "<group>"; };
		49BDF4D427C5B5BE00325407 /* Flash.h */ = {isa = PBXFileReference; fileEncoding = 4; lastKnownFileType = sourcecode.c.h; name = Flash.h; path = ../Flash.h; sourceTree = "<group>"; };
		49BDF4D527C5B5BE00325407 /* InterpretedEffect.h */ = {isa = PBXFileReference; fileEncoding = 4; lastKnownFileType = sourcecode.c.h; name = InterpretedEffect.h; path = ../InterpretedEffect.h; sourceTree = "<group>"; };
		49BDF4D727C5B5BE00325407 /* PostLightController.ino */ = {isa = PBXFileReference; explicitFileType = sourcecode.cpp.cpp; fileEncoding = 4; name = PostLightController.ino; path = ../PostLightController.ino; sourceTree = "<group>"; };
		49BDF4D827C5B5BE00325407 /* Flash.cpp */ = {isa = PBXFileReference; fileEncoding = 4; lastKnownFileType = sourcecode.cpp.cpp; name = Flash.cpp; path = ../Flash.cpp; sourceTree = "<group>"; };
		49BDF4DD27C6EBF700325407 /* NativeColor.cpp */ = {isa = PBXFileReference; fileEncoding = 4; lastKnownFileType = sourcecode.cpp.cpp; name = NativeColor.cpp; path = ../NativeColor.cpp; sourceTree = "<group>"; };
		49BDF4DE27C6EBF700325407 /* NativeColor.h */ = {isa = PBXFileReference; fileEncoding = 4; lastKnownFileType = sourcecode.c.h; name = NativeColor.h; path = ../NativeColor.h; sourceTree = "<group>"; };
		49DAA643278B212E00F67EEB /* PostLightController */ = {isa = PBXFileReference; explicitFileType = "compiled.mach-o.executable"; includeInIndex = 0; path = PostLightController; sourceTree = BUILT_PRODUCTS_DIR; };
		49DAA646278B212E00F67EEB /* main.cpp */ = {isa = PBXFileReference; lastKnownFileType = sourcecode.cpp.cpp; path = main.cpp; sourceTree = "<group>"; };
		49DAA64E278B2E5500F67EEB /* PostLightEffects.arly */ = {isa = PBXFileReference; lastKnownFileType = text; name = PostLightEffects.arly; path = ../PostLightEffects.arly; sourceTree = "<group>"; };
/* End PBXFileReference section */

/* Begin PBXFrameworksBuildPhase section */
		49DAA640278B212E00F67EEB /* Frameworks */ = {
			isa = PBXFrameworksBuildPhase;
			buildActionMask = 2147483647;
			files = (
			);
			runOnlyForDeploymentPostprocessing = 0;
		};
/* End PBXFrameworksBuildPhase section */

/* Begin PBXGroup section */
		4941A0C62B867F3800CE3C9E /* Executables */ = {
			isa = PBXGroup;
			children = (
				4941A0CA2B867F7F00CE3C9E /* PostLightEffects00.arlx */,
				4941A0C82B867F7F00CE3C9E /* PostLightEffects01.arlx */,
				4941A0C72B867F7F00CE3C9E /* PostLightEffects02.arlx */,
				4941A0C92B867F7F00CE3C9E /* PostLightEffects03.arlx */,
			);
			name = Executables;
			sourceTree = "<group>";
		};
		49BDF4D227C5B56200325407 /* Arduino */ = {
			isa = PBXGroup;
			children = (
				49BDF4D827C5B5BE00325407 /* Flash.cpp */,
				49BDF4D427C5B5BE00325407 /* Flash.h */,
				49BDF4D327C5B5BE00325407 /* InterpretedEffect.cpp */,
				49BDF4D527C5B5BE00325407 /* InterpretedEffect.h */,
				49BDF4D727C5B5BE00325407 /* PostLightController.ino */,
			);
			name = Arduino;
			sourceTree = "<group>";
		};
		49DAA63A278B212E00F67EEB = {
			isa = PBXGroup;
			children = (
				49BDF4D227C5B56200325407 /* Arduino */,
				49DAA652278B3B5B00F67EEB /* src */,
				49DAA64D278B2DF200F67EEB /* Scripts */,
				4941A0C62B867F3800CE3C9E /* Executables */,
				49DAA644278B212E00F67EEB /* Products */,
			);
			sourceTree = "<group>";
		};
		49DAA644278B212E00F67EEB /* Products */ = {
			isa = PBXGroup;
			children = (
				49DAA643278B212E00F67EEB /* PostLightController */,
			);
			name = Products;
			sourceTree = "<group>";
		};
		49DAA64D278B2DF200F67EEB /* Scripts */ = {
			isa = PBXGroup;
			children = (
				4963436927A5DC6E00ABF09F /* PostLightEffects.clvr */,
				49DAA64E278B2E5500F67EEB /* PostLightEffects.arly */,
			);
			name = Scripts;
			sourceTree = "<group>";
		};
		49DAA652278B3B5B00F67EEB /* src */ = {
			isa = PBXGroup;
			children = (
				491DED27279385B700D007C2 /* Color.cpp */,
				491DED28279385B700D007C2 /* Color.h */,
				49BDF4DD27C6EBF700325407 /* NativeColor.cpp */,
				49BDF4DE27C6EBF700325407 /* NativeColor.h */,
				49DAA646278B212E00F67EEB /* main.cpp */,
			);
			name = src;
			sourceTree = "<group>";
		};
/* End PBXGroup section */

/* Begin PBXNativeTarget section */
		49DAA642278B212E00F67EEB /* PostLightController */ = {
			isa = PBXNativeTarget;
			buildConfigurationList = 49DAA64A278B212E00F67EEB /* Build configuration list for PBXNativeTarget "PostLightController" */;
			buildPhases = (
				49DAA63F278B212E00F67EEB /* Sources */,
				49DAA640278B212E00F67EEB /* Frameworks */,
				4941A0D12B86820E00CE3C9E /* ShellScript */,
			);
			buildRules = (
			);
			dependencies = (
			);
			name = PostLightController;
			productName = CompileArly;
			productReference = 49DAA643278B212E00F67EEB /* PostLightController */;
			productType = "com.apple.product-type.tool";
		};
/* End PBXNativeTarget section */

/* Begin PBXProject section */
		49DAA63B278B212E00F67EEB /* Project object */ = {
			isa = PBXProject;
			attributes = {
				BuildIndependentTargetsInParallel = 1;
				LastUpgradeCheck = 1340;
				TargetAttributes = {
					49DAA642278B212E00F67EEB = {
						CreatedOnToolsVersion = 13.2.1;
					};
				};
			};
			buildConfigurationList = 49DAA63E278B212E00F67EEB /* Build configuration list for PBXProject "PostLightController" */;
			compatibilityVersion = "Xcode 13.0";
			developmentRegion = en;
			hasScannedForEncodings = 0;
			knownRegions = (
				en,
				Base,
			);
			mainGroup = 49DAA63A278B212E00F67EEB;
			productRefGroup = 49DAA644278B212E00F67EEB /* Products */;
			projectDirPath = "";
			projectRoot = "";
			targets = (
				49DAA642278B212E00F67EEB /* PostLightController */,
			);
		};
/* End PBXProject section */

/* Begin PBXShellScriptBuildPhase section */
		4941A0D12B86820E00CE3C9E /* ShellScript */ = {
			isa = PBXShellScriptBuildPhase;
			alwaysOutOfDate = 1;
			buildActionMask = 8;
			files = (
			);
			inputFileListPaths = (
			);
			inputPaths = (
			);
			outputFileListPaths = (
			);
			outputPaths = (
			);
			runOnlyForDeploymentPostprocessing = 1;
			shellPath = /bin/sh;
			shellScript = "cp ../PostLightEffects0?.arlx ~/\n";
		};
/* End PBXShellScriptBuildPhase section */

/* Begin PBXSourcesBuildPhase section */
		49DAA63F278B212E00F67EEB /* Sources */ = {
			isa = PBXSourcesBuildPhase;
			buildActionMask = 2147483647;
			files = (
				491DED29279385B700D007C2 /* Color.cpp in Sources */,
				49BDF4DF27C6EBF700325407 /* NativeColor.cpp in Sources */,
				49DAA647278B212E00F67EEB /* main.cpp in Sources */,
			);
			runOnlyForDeploymentPostprocessing = 0;
		};
/* End PBXSourcesBuildPhase section */

/* Begin XCBuildConfiguration section */
		49DAA648278B212E00F67EEB /* Debug */ = {
			isa = XCBuildConfiguration;
			buildSettings = {
				ALWAYS_SEARCH_USER_PATHS = NO;
				CLANG_ANALYZER_NONNULL = YES;
				CLANG_ANALYZER_NUMBER_OBJECT_CONVERSION = YES_AGGRESSIVE;
				CLANG_CXX_LANGUAGE_STANDARD = "gnu++17";
				CLANG_CXX_LIBRARY = "libc++";
				CLANG_ENABLE_MODULES = YES;
				CLANG_ENABLE_OBJC_ARC = YES;
				CLANG_ENABLE_OBJC_WEAK = YES;
				CLANG_WARN_BLOCK_CAPTURE_AUTORELEASING = YES;
				CLANG_WARN_BOOL_CONVERSION = YES;
				CLANG_WARN_COMMA = YES;
				CLANG_WARN_CONSTANT_CONVERSION = YES;
				CLANG_WARN_DEPRECATED_OBJC_IMPLEMENTATIONS = YES;
				CLANG_WARN_DIRECT_OBJC_ISA_USAGE = YES_ERROR;
				CLANG_WARN_DOCUMENTATION_COMMENTS = YES;
				CLANG_WARN_EMPTY_BODY = YES;
				CLANG_WARN_ENUM_CONVERSION = YES;
				CLANG_WARN_INFINITE_RECURSION = YES;
				CLANG_WARN_INT_CONVERSION = YES;
				CLANG_WARN_NON_LITERAL_NULL_CONVERSION = YES;
				CLANG_WARN_OBJC_IMPLICIT_RETAIN_SELF = YES;
				CLANG_WARN_OBJC_LITERAL_CONVERSION = YES;
				CLANG_WARN_OBJC_ROOT_CLASS = YES_ERROR;
				CLANG_WARN_QUOTED_INCLUDE_IN_FRAMEWORK_HEADER = YES;
				CLANG_WARN_RANGE_LOOP_ANALYSIS = YES;
				CLANG_WARN_STRICT_PROTOTYPES = YES;
				CLANG_WARN_SUSPICIOUS_MOVE = YES;
				CLANG_WARN_UNGUARDED_AVAILABILITY = YES_AGGRESSIVE;
				CLANG_WARN_UNREACHABLE_CODE = YES;
				CLANG_WARN__DUPLICATE_METHOD_MATCH = YES;
				COPY_PHASE_STRIP = NO;
				DEBUG_INFORMATION_FORMAT = dwarf;
				ENABLE_STRICT_OBJC_MSGSEND = YES;
				ENABLE_TESTABILITY = YES;
				GCC_C_LANGUAGE_STANDARD = gnu11;
				GCC_DYNAMIC_NO_PIC = NO;
				GCC_NO_COMMON_BLOCKS = YES;
				GCC_OPTIMIZATION_LEVEL = 0;
				GCC_PREPROCESSOR_DEFINITIONS = (
					"DEBUG=1",
					"$(inherited)",
				);
				GCC_WARN_64_TO_32_BIT_CONVERSION = YES;
				GCC_WARN_ABOUT_RETURN_TYPE = YES_ERROR;
				GCC_WARN_UNDECLARED_SELECTOR = YES;
				GCC_WARN_UNINITIALIZED_AUTOS = YES_AGGRESSIVE;
				GCC_WARN_UNUSED_FUNCTION = YES;
				GCC_WARN_UNUSED_VARIABLE = YES;
				MACOSX_DEPLOYMENT_TARGET = 11.6;
				MTL_ENABLE_DEBUG_INFO = INCLUDE_SOURCE;
				MTL_FAST_MATH = YES;
				ONLY_ACTIVE_ARCH = YES;
				SDKROOT = macosx;
			};
			name = Debug;
		};
		49DAA649278B212E00F67EEB /* Release */ = {
			isa = XCBuildConfiguration;
			buildSettings = {
				ALWAYS_SEARCH_USER_PATHS = NO;
				CLANG_ANALYZER_NONNULL = YES;
				CLANG_ANALYZER_NUMBER_OBJECT_CONVERSION = YES_AGGRESSIVE;
				CLANG_CXX_LANGUAGE_STANDARD = "gnu++17";
				CLANG_CXX_LIBRARY = "libc++";
				CLANG_ENABLE_MODULES = YES;
				CLANG_ENABLE_OBJC_ARC = YES;
				CLANG_ENABLE_OBJC_WEAK = YES;
				CLANG_WARN_BLOCK_CAPTURE_AUTORELEASING = YES;
				CLANG_WARN_BOOL_CONVERSION = YES;
				CLANG_WARN_COMMA = YES;
				CLANG_WARN_CONSTANT_CONVERSION = YES;
				CLANG_WARN_DEPRECATED_OBJC_IMPLEMENTATIONS = YES;
				CLANG_WARN_DIRECT_OBJC_ISA_USAGE = YES_ERROR;
				CLANG_WARN_DOCUMENTATION_COMMENTS = YES;
				CLANG_WARN_EMPTY_BODY = YES;
				CLANG_WARN_ENUM_CONVERSION = YES;
				CLANG_WARN_INFINITE_RECURSION = YES;
				CLANG_WARN_INT_CONVERSION = YES;
				CLANG_WARN_NON_LITERAL_NULL_CONVERSION = YES;
				CLANG_WARN_OBJC_IMPLICIT_RETAIN_SELF = YES;
				CLANG_WARN_OBJC_LITERAL_CONVERSION = YES;
				CLANG_WARN_OBJC_ROOT_CLASS = YES_ERROR;
				CLANG_WARN_QUOTED_INCLUDE_IN_FRAMEWORK_HEADER = YES;
				CLANG_WARN_RANGE_LOOP_ANALYSIS = YES;
				CLANG_WARN_STRICT_PROTOTYPES = YES;
				CLANG_WARN_SUSPICIOUS_MOVE = YES;
				CLANG_WARN_UNGUARDED_AVAILABILITY = YES_AGGRESSIVE;
				CLANG_WARN_UNREACHABLE_CODE = YES;
				CLANG_WARN__DUPLICATE_METHOD_MATCH = YES;
				COPY_PHASE_STRIP = NO;
				DEBUG_INFORMATION_FORMAT = "dwarf-with-dsym";
				ENABLE_NS_ASSERTIONS = NO;
				ENABLE_STRICT_OBJC_MSGSEND = YES;
				GCC_C_LANGUAGE_STANDARD = gnu11;
				GCC_NO_COMMON_BLOCKS = YES;
				GCC_WARN_64_TO_32_BIT_CONVERSION = YES;
				GCC_WARN_ABOUT_RETURN_TYPE = YES_ERROR;
				GCC_WARN_UNDECLARED_SELECTOR = YES;
				GCC_WARN_UNINITIALIZED_AUTOS = YES_AGGRESSIVE;
				GCC_WARN_UNUSED_FUNCTION = YES;
				GCC_WARN_UNUSED_VARIABLE = YES;
				MACOSX_DEPLOYMENT_TARGET = 11.6;
				MTL_ENABLE_DEBUG_INFO = NO;
				MTL_FAST_MATH = YES;
				SDKROOT = macosx;
			};
			name = Release;
		};
		49DAA64B278B212E00F67EEB /* Debug */ = {
			isa = XCBuildConfiguration;
			buildSettings = {
				CODE_SIGN_IDENTITY = "-";
				CODE_SIGN_STYLE = Automatic;
				PRODUCT_NAME = "$(TARGET_NAME)";
			};
			name = Debug;
		};
		49DAA64C278B212E00F67EEB /* Release */ = {
			isa = XCBuildConfiguration;
			buildSettings = {
				CODE_SIGN_IDENTITY = "-";
				CODE_SIGN_STYLE = Automatic;
				PRODUCT_NAME = "$(TARGET_NAME)";
			};
			name = Release;
		};
/* End XCBuildConfiguration section */

/* Begin XCConfigurationList section */
		49DAA63E278B212E00F67EEB /* Build configuration list for PBXProject "PostLightController" */ = {
			isa = XCConfigurationList;
			buildConfigurations = (
				49DAA648278B212E00F67EEB /* Debug */,
				49DAA649278B212E00F67EEB /* Release */,
			);
			defaultConfigurationIsVisible = 0;
			defaultConfigurationName = Release;
		};
		49DAA64A278B212E00F67EEB /* Build configuration list for PBXNativeTarget "PostLightController" */ = {
			isa = XCConfigurationList;
			buildConfigurations = (
				49DAA64B278B212E00F67EEB /* Debug */,
				49DAA64C278B212E00F67EEB /* Release */,
			);
			defaultConfigurationIsVisible = 0;
			defaultConfigurationName = Release;
		};
/* End XCConfigurationList section */
	};
	rootObject = 49DAA63B278B212E00F67EEB /* Project object */;
}
