// !$*UTF8*$!
{
	archiveVersion = 1;
	classes = {
	};
	objectVersion = 55;
	objects = {

/* Begin PBXBuildFile section */
		495AB4512E9C568D00C4C2C4 /* libESPlib.a in Frameworks */ = {isa = PBXBuildFile; fileRef = 49132D972E9C56260005AE5D /* libESPlib.a */; };
		4966134C2E00D2E700296791 /* PostLightController.cpp in Sources */ = {isa = PBXBuildFile; fileRef = 4966134B2E00D2E400296791 /* PostLightController.cpp */; };
		4966135A2E07192800296791 /* Flash.cpp in Sources */ = {isa = PBXBuildFile; fileRef = 49BDF4D827C5B5BE00325407 /* Flash.cpp */; };
		4966135B2E07192F00296791 /* InterpretedEffect.cpp in Sources */ = {isa = PBXBuildFile; fileRef = 49BDF4D327C5B5BE00325407 /* InterpretedEffect.cpp */; };
		498F27E12DF0E86D00DFB022 /* Format.cpp in Sources */ = {isa = PBXBuildFile; fileRef = 498F27DD2DF0983B00DFB022 /* Format.cpp */; };
		498F28032DF0FF8000DFB022 /* AST.cpp in Sources */ = {isa = PBXBuildFile; fileRef = 498F27E32DF0FB5500DFB022 /* AST.cpp */; };
		498F28052DF0FF9300DFB022 /* NativeCore.cpp in Sources */ = {isa = PBXBuildFile; fileRef = 498F27F32DF0FB5500DFB022 /* NativeCore.cpp */; };
		498F280A2DF0FF9300DFB022 /* Module.cpp in Sources */ = {isa = PBXBuildFile; fileRef = 498F27F22DF0FB5500DFB022 /* Module.cpp */; };
		498F280B2DF0FF9300DFB022 /* Function.cpp in Sources */ = {isa = PBXBuildFile; fileRef = 498F27EF2DF0FB5500DFB022 /* Function.cpp */; };
		498F28102DF0FFF800DFB022 /* Interpreter.cpp in Sources */ = {isa = PBXBuildFile; fileRef = 498F27FE2DF0FB5C00DFB022 /* Interpreter.cpp */; };
		498F28112DF1000000DFB022 /* NativeCoreRuntime.cpp in Sources */ = {isa = PBXBuildFile; fileRef = 498F28012DF0FB5C00DFB022 /* NativeCoreRuntime.cpp */; };
		49DAA647278B212E00F67EEB /* main.cpp in Sources */ = {isa = PBXBuildFile; fileRef = 49DAA646278B212E00F67EEB /* main.cpp */; };
/* End PBXBuildFile section */

/* Begin PBXContainerItemProxy section */
		49132D962E9C56260005AE5D /* PBXContainerItemProxy */ = {
			isa = PBXContainerItemProxy;
			containerPortal = 49132D902E9C56260005AE5D /* ESPlib.xcodeproj */;
			proxyType = 2;
			remoteGlobalIDString = 49E65B012E9C36F800D3C6C5;
			remoteInfo = ESPlib;
		};
		49132D982E9C563C0005AE5D /* PBXContainerItemProxy */ = {
			isa = PBXContainerItemProxy;
			containerPortal = 49132D902E9C56260005AE5D /* ESPlib.xcodeproj */;
			proxyType = 1;
			remoteGlobalIDString = 49E65B002E9C36F800D3C6C5;
			remoteInfo = ESPlib;
		};
		492743FF2E9D819E00AF8FA1 /* PBXContainerItemProxy */ = {
			isa = PBXContainerItemProxy;
			containerPortal = 49132D902E9C56260005AE5D /* ESPlib.xcodeproj */;
			proxyType = 2;
			remoteGlobalIDString = 495AB4572E9C730A00C4C2C4;
			remoteInfo = Vesper;
		};
		492744562E9DC68D00AF8FA1 /* PBXContainerItemProxy */ = {
			isa = PBXContainerItemProxy;
			containerPortal = 49132D902E9C56260005AE5D /* ESPlib.xcodeproj */;
			proxyType = 2;
			remoteGlobalIDString = 4927442B2E9D94D000AF8FA1;
			remoteInfo = webby;
		};
/* End PBXContainerItemProxy section */

/* Begin PBXFileReference section */
		49132D902E9C56260005AE5D /* ESPlib.xcodeproj */ = {isa = PBXFileReference; lastKnownFileType = "wrapper.pb-project"; name = ESPlib.xcodeproj; path = /Users/cmarrin/Projects/git/ESPlib/mac/ESPlib.xcodeproj; sourceTree = "<absolute>"; };
		493910E42E5D1DA50026FDA4 /* main.cpp */ = {isa = PBXFileReference; lastKnownFileType = sourcecode.cpp.cpp; name = main.cpp; path = main/main.cpp; sourceTree = "<group>"; };
		4963436927A5DC6E00ABF09F /* PostLightEffects.clvr */ = {isa = PBXFileReference; explicitFileType = sourcecode.c; fileEncoding = 4; name = PostLightEffects.clvr; path = ../PostLightEffects.clvr; sourceTree = "<group>"; };
		496613192DF3C61600296791 /* PostLightControllerESP.ino */ = {isa = PBXFileReference; explicitFileType = sourcecode.cpp.cpp; name = PostLightControllerESP.ino; path = ../PostLightControllerESP.ino; sourceTree = "<group>"; };
		4966134A2E00D2D300296791 /* PostLightController.h */ = {isa = PBXFileReference; lastKnownFileType = sourcecode.c.h; name = PostLightController.h; path = ../PostLightController.h; sourceTree = "<group>"; };
		4966134B2E00D2E400296791 /* PostLightController.cpp */ = {isa = PBXFileReference; lastKnownFileType = sourcecode.cpp.cpp; name = PostLightController.cpp; path = ../PostLightController.cpp; sourceTree = "<group>"; };
		4966135F2E0DC2BC00296791 /* partitions.csv */ = {isa = PBXFileReference; lastKnownFileType = text; name = partitions.csv; path = ../partitions.csv; sourceTree = "<group>"; };
		496613602E0DCCBD00296791 /* boards.local.txt */ = {isa = PBXFileReference; lastKnownFileType = text; name = boards.local.txt; path = ../boards.local.txt; sourceTree = SOURCE_ROOT; };
		498F27DC2DF0983B00DFB022 /* Format.h */ = {isa = PBXFileReference; lastKnownFileType = sourcecode.c.h; path = Format.h; sourceTree = "<group>"; };
		498F27DD2DF0983B00DFB022 /* Format.cpp */ = {isa = PBXFileReference; lastKnownFileType = sourcecode.cpp.cpp; path = Format.cpp; sourceTree = "<group>"; };
		498F27DE2DF0983B00DFB022 /* LICENSE */ = {isa = PBXFileReference; lastKnownFileType = text; path = LICENSE; sourceTree = "<group>"; };
		498F27DF2DF0983B00DFB022 /* README.md */ = {isa = PBXFileReference; lastKnownFileType = net.daringfireball.markdown; path = README.md; sourceTree = "<group>"; };
		498F27E22DF0FB5500DFB022 /* AST.h */ = {isa = PBXFileReference; lastKnownFileType = sourcecode.c.h; path = AST.h; sourceTree = "<group>"; };
		498F27E32DF0FB5500DFB022 /* AST.cpp */ = {isa = PBXFileReference; lastKnownFileType = sourcecode.cpp.cpp; path = AST.cpp; sourceTree = "<group>"; };
		498F27E42DF0FB5500DFB022 /* CodeGen.h */ = {isa = PBXFileReference; lastKnownFileType = sourcecode.c.h; path = CodeGen.h; sourceTree = "<group>"; };
		498F27E52DF0FB5500DFB022 /* CodeGen6809.h */ = {isa = PBXFileReference; lastKnownFileType = sourcecode.c.h; path = CodeGen6809.h; sourceTree = "<group>"; };
		498F27E62DF0FB5500DFB022 /* CodeGen6809.cpp */ = {isa = PBXFileReference; lastKnownFileType = sourcecode.cpp.cpp; path = CodeGen6809.cpp; sourceTree = "<group>"; };
		498F27E72DF0FB5500DFB022 /* CodeGenStackVM.h */ = {isa = PBXFileReference; lastKnownFileType = sourcecode.c.h; path = CodeGenStackVM.h; sourceTree = "<group>"; };
		498F27E82DF0FB5500DFB022 /* CodeGenStackVM.cpp */ = {isa = PBXFileReference; lastKnownFileType = sourcecode.cpp.cpp; path = CodeGenStackVM.cpp; sourceTree = "<group>"; };
		498F27E92DF0FB5500DFB022 /* Compiler.h */ = {isa = PBXFileReference; lastKnownFileType = sourcecode.c.h; path = Compiler.h; sourceTree = "<group>"; };
		498F27EA2DF0FB5500DFB022 /* Compiler.cpp */ = {isa = PBXFileReference; lastKnownFileType = sourcecode.cpp.cpp; path = Compiler.cpp; sourceTree = "<group>"; };
		498F27EB2DF0FB5500DFB022 /* Decompiler.h */ = {isa = PBXFileReference; lastKnownFileType = sourcecode.c.h; path = Decompiler.h; sourceTree = "<group>"; };
		498F27EC2DF0FB5500DFB022 /* Decompiler.cpp */ = {isa = PBXFileReference; lastKnownFileType = sourcecode.cpp.cpp; path = Decompiler.cpp; sourceTree = "<group>"; };
		498F27ED2DF0FB5500DFB022 /* Enum.h */ = {isa = PBXFileReference; lastKnownFileType = sourcecode.c.h; path = Enum.h; sourceTree = "<group>"; };
		498F27EE2DF0FB5500DFB022 /* Function.h */ = {isa = PBXFileReference; lastKnownFileType = sourcecode.c.h; path = Function.h; sourceTree = "<group>"; };
		498F27EF2DF0FB5500DFB022 /* Function.cpp */ = {isa = PBXFileReference; lastKnownFileType = sourcecode.cpp.cpp; path = Function.cpp; sourceTree = "<group>"; };
		498F27F02DF0FB5500DFB022 /* LICENSE */ = {isa = PBXFileReference; lastKnownFileType = text; path = LICENSE; sourceTree = "<group>"; };
		498F27F12DF0FB5500DFB022 /* Module.h */ = {isa = PBXFileReference; lastKnownFileType = sourcecode.c.h; path = Module.h; sourceTree = "<group>"; };
		498F27F22DF0FB5500DFB022 /* Module.cpp */ = {isa = PBXFileReference; lastKnownFileType = sourcecode.cpp.cpp; path = Module.cpp; sourceTree = "<group>"; };
		498F27F32DF0FB5500DFB022 /* NativeCore.cpp */ = {isa = PBXFileReference; lastKnownFileType = sourcecode.cpp.cpp; path = NativeCore.cpp; sourceTree = "<group>"; };
		498F27F42DF0FB5500DFB022 /* OpInfo.h */ = {isa = PBXFileReference; lastKnownFileType = sourcecode.c.h; path = OpInfo.h; sourceTree = "<group>"; };
		498F27F52DF0FB5500DFB022 /* README.md */ = {isa = PBXFileReference; lastKnownFileType = net.daringfireball.markdown; path = README.md; sourceTree = "<group>"; };
		498F27F62DF0FB5500DFB022 /* Scanner.h */ = {isa = PBXFileReference; lastKnownFileType = sourcecode.c.h; path = Scanner.h; sourceTree = "<group>"; };
		498F27F72DF0FB5500DFB022 /* Scanner.cpp */ = {isa = PBXFileReference; lastKnownFileType = sourcecode.cpp.cpp; path = Scanner.cpp; sourceTree = "<group>"; };
		498F27F82DF0FB5500DFB022 /* Struct.h */ = {isa = PBXFileReference; lastKnownFileType = sourcecode.c.h; path = Struct.h; sourceTree = "<group>"; };
		498F27F92DF0FB5500DFB022 /* Symbol.h */ = {isa = PBXFileReference; lastKnownFileType = sourcecode.c.h; path = Symbol.h; sourceTree = "<group>"; };
		498F27FC2DF0FB5C00DFB022 /* Defines.h */ = {isa = PBXFileReference; lastKnownFileType = sourcecode.c.h; path = Defines.h; sourceTree = "<group>"; };
		498F27FD2DF0FB5C00DFB022 /* Interpreter.h */ = {isa = PBXFileReference; lastKnownFileType = sourcecode.c.h; path = Interpreter.h; sourceTree = "<group>"; };
		498F27FE2DF0FB5C00DFB022 /* Interpreter.cpp */ = {isa = PBXFileReference; lastKnownFileType = sourcecode.cpp.cpp; path = Interpreter.cpp; sourceTree = "<group>"; };
		498F27FF2DF0FB5C00DFB022 /* Memory.h */ = {isa = PBXFileReference; lastKnownFileType = sourcecode.c.h; path = Memory.h; sourceTree = "<group>"; };
		498F28002DF0FB5C00DFB022 /* NativeCore.h */ = {isa = PBXFileReference; lastKnownFileType = sourcecode.c.h; path = NativeCore.h; sourceTree = "<group>"; };
		498F28012DF0FB5C00DFB022 /* NativeCoreRuntime.cpp */ = {isa = PBXFileReference; lastKnownFileType = sourcecode.cpp.cpp; path = NativeCoreRuntime.cpp; sourceTree = "<group>"; };
		498F280C2DF0FFCA00DFB022 /* simplecpp.h */ = {isa = PBXFileReference; lastKnownFileType = sourcecode.c.h; path = simplecpp.h; sourceTree = "<group>"; };
		498F280D2DF0FFCA00DFB022 /* simplecpp.cpp */ = {isa = PBXFileReference; lastKnownFileType = sourcecode.cpp.cpp; path = simplecpp.cpp; sourceTree = "<group>"; };
		49BDF4D327C5B5BE00325407 /* InterpretedEffect.cpp */ = {isa = PBXFileReference; fileEncoding = 4; lastKnownFileType = sourcecode.cpp.cpp; name = InterpretedEffect.cpp; path = ../InterpretedEffect.cpp; sourceTree = "<group>"; };
		49BDF4D427C5B5BE00325407 /* Flash.h */ = {isa = PBXFileReference; fileEncoding = 4; lastKnownFileType = sourcecode.c.h; name = Flash.h; path = ../Flash.h; sourceTree = "<group>"; };
		49BDF4D527C5B5BE00325407 /* InterpretedEffect.h */ = {isa = PBXFileReference; fileEncoding = 4; lastKnownFileType = sourcecode.c.h; name = InterpretedEffect.h; path = ../InterpretedEffect.h; sourceTree = "<group>"; };
		49BDF4D727C5B5BE00325407 /* PostLightController.ino */ = {isa = PBXFileReference; explicitFileType = sourcecode.cpp.cpp; fileEncoding = 4; name = PostLightController.ino; path = ../PostLightController.ino; sourceTree = "<group>"; };
		49BDF4D827C5B5BE00325407 /* Flash.cpp */ = {isa = PBXFileReference; fileEncoding = 4; lastKnownFileType = sourcecode.cpp.cpp; name = Flash.cpp; path = ../Flash.cpp; sourceTree = "<group>"; };
		49DAA643278B212E00F67EEB /* PostLightController */ = {isa = PBXFileReference; explicitFileType = "compiled.mach-o.executable"; includeInIndex = 0; path = PostLightController; sourceTree = BUILT_PRODUCTS_DIR; };
		49DAA646278B212E00F67EEB /* main.cpp */ = {isa = PBXFileReference; lastKnownFileType = sourcecode.cpp.cpp; path = main.cpp; sourceTree = "<group>"; };
/* End PBXFileReference section */

/* Begin PBXFrameworksBuildPhase section */
		49DAA640278B212E00F67EEB /* Frameworks */ = {
			isa = PBXFrameworksBuildPhase;
			buildActionMask = 2147483647;
			files = (
				495AB4512E9C568D00C4C2C4 /* libESPlib.a in Frameworks */,
			);
			runOnlyForDeploymentPostprocessing = 0;
		};
/* End PBXFrameworksBuildPhase section */

/* Begin PBXGroup section */
		49132D932E9C56260005AE5D /* Products */ = {
			isa = PBXGroup;
			children = (
				492744002E9D819E00AF8FA1 /* Vesper */,
				49132D972E9C56260005AE5D /* libESPlib.a */,
				492744572E9DC68D00AF8FA1 /* webby */,
			);
			name = Products;
			sourceTree = "<group>";
		};
		493910E12E5D1BE90026FDA4 /* esp-idf */ = {
			isa = PBXGroup;
			children = (
				493910E42E5D1DA50026FDA4 /* main.cpp */,
			);
			name = "esp-idf";
			path = "../PostLightController-esp-idf";
			sourceTree = "<group>";
		};
		493910E22E5D1C510026FDA4 /* mac */ = {
			isa = PBXGroup;
			children = (
				49DAA646278B212E00F67EEB /* main.cpp */,
			);
			name = mac;
			sourceTree = "<group>";
		};
		498F233E2DEF75C800DFB022 /* Frameworks */ = {
			isa = PBXGroup;
			children = (
			);
			name = Frameworks;
			sourceTree = "<group>";
		};
		498F27E02DF0983B00DFB022 /* Format */ = {
			isa = PBXGroup;
			children = (
				498F27DC2DF0983B00DFB022 /* Format.h */,
				498F27DD2DF0983B00DFB022 /* Format.cpp */,
				498F27DE2DF0983B00DFB022 /* LICENSE */,
				498F27DF2DF0983B00DFB022 /* README.md */,
			);
			name = Format;
			path = /Users/cmarrin/Projects/git/Format;
			sourceTree = "<absolute>";
		};
		498F27FA2DF0FB5500DFB022 /* Compiler */ = {
			isa = PBXGroup;
			children = (
				498F27E22DF0FB5500DFB022 /* AST.h */,
				498F27E32DF0FB5500DFB022 /* AST.cpp */,
				498F27E42DF0FB5500DFB022 /* CodeGen.h */,
				498F27E52DF0FB5500DFB022 /* CodeGen6809.h */,
				498F27E62DF0FB5500DFB022 /* CodeGen6809.cpp */,
				498F27E72DF0FB5500DFB022 /* CodeGenStackVM.h */,
				498F27E82DF0FB5500DFB022 /* CodeGenStackVM.cpp */,
				498F27E92DF0FB5500DFB022 /* Compiler.h */,
				498F27EA2DF0FB5500DFB022 /* Compiler.cpp */,
				498F27EB2DF0FB5500DFB022 /* Decompiler.h */,
				498F27EC2DF0FB5500DFB022 /* Decompiler.cpp */,
				498F27ED2DF0FB5500DFB022 /* Enum.h */,
				498F27EE2DF0FB5500DFB022 /* Function.h */,
				498F27EF2DF0FB5500DFB022 /* Function.cpp */,
				498F27F02DF0FB5500DFB022 /* LICENSE */,
				498F27F12DF0FB5500DFB022 /* Module.h */,
				498F27F22DF0FB5500DFB022 /* Module.cpp */,
				498F27F32DF0FB5500DFB022 /* NativeCore.cpp */,
				498F27F42DF0FB5500DFB022 /* OpInfo.h */,
				498F27F52DF0FB5500DFB022 /* README.md */,
				498F27F62DF0FB5500DFB022 /* Scanner.h */,
				498F27F72DF0FB5500DFB022 /* Scanner.cpp */,
				498F27F82DF0FB5500DFB022 /* Struct.h */,
				498F27F92DF0FB5500DFB022 /* Symbol.h */,
				498F280E2DF0FFCA00DFB022 /* simplecpp */,
			);
			name = Compiler;
			path = ../../Clover/Compiler;
			sourceTree = SOURCE_ROOT;
		};
		498F28022DF0FB5C00DFB022 /* Runtime */ = {
			isa = PBXGroup;
			children = (
				498F27FC2DF0FB5C00DFB022 /* Defines.h */,
				498F27FD2DF0FB5C00DFB022 /* Interpreter.h */,
				498F27FE2DF0FB5C00DFB022 /* Interpreter.cpp */,
				498F27FF2DF0FB5C00DFB022 /* Memory.h */,
				498F28002DF0FB5C00DFB022 /* NativeCore.h */,
				498F28012DF0FB5C00DFB022 /* NativeCoreRuntime.cpp */,
			);
			name = Runtime;
			path = ../../Clover/Runtime;
			sourceTree = SOURCE_ROOT;
		};
		498F280E2DF0FFCA00DFB022 /* simplecpp */ = {
			isa = PBXGroup;
			children = (
				498F280C2DF0FFCA00DFB022 /* simplecpp.h */,
				498F280D2DF0FFCA00DFB022 /* simplecpp.cpp */,
			);
			name = simplecpp;
			path = ../../Clover/simplecpp;
			sourceTree = SOURCE_ROOT;
		};
		49BDF4D227C5B56200325407 /* Arduino */ = {
			isa = PBXGroup;
			children = (
				496613602E0DCCBD00296791 /* boards.local.txt */,
				4966135F2E0DC2BC00296791 /* partitions.csv */,
				49BDF4D727C5B5BE00325407 /* PostLightController.ino */,
				496613192DF3C61600296791 /* PostLightControllerESP.ino */,
			);
			name = Arduino;
			sourceTree = "<group>";
		};
		49DAA63A278B212E00F67EEB = {
			isa = PBXGroup;
			children = (
				49132D902E9C56260005AE5D /* ESPlib.xcodeproj */,
				498F27FA2DF0FB5500DFB022 /* Compiler */,
				498F28022DF0FB5C00DFB022 /* Runtime */,
				498F27E02DF0983B00DFB022 /* Format */,
				49BDF4D227C5B56200325407 /* Arduino */,
				493910E12E5D1BE90026FDA4 /* esp-idf */,
				493910E22E5D1C510026FDA4 /* mac */,
				49DAA652278B3B5B00F67EEB /* src */,
				49DAA64D278B2DF200F67EEB /* Scripts */,
				498F233E2DEF75C800DFB022 /* Frameworks */,
				49DAA644278B212E00F67EEB /* Products */,
			);
			sourceTree = "<group>";
		};
		49DAA644278B212E00F67EEB /* Products */ = {
			isa = PBXGroup;
			children = (
				49DAA643278B212E00F67EEB /* PostLightController */,
			);
			name = Products;
			sourceTree = "<group>";
		};
		49DAA64D278B2DF200F67EEB /* Scripts */ = {
			isa = PBXGroup;
			children = (
				4963436927A5DC6E00ABF09F /* PostLightEffects.clvr */,
			);
			name = Scripts;
			sourceTree = "<group>";
		};
		49DAA652278B3B5B00F67EEB /* src */ = {
			isa = PBXGroup;
			children = (
				49BDF4D827C5B5BE00325407 /* Flash.cpp */,
				49BDF4D427C5B5BE00325407 /* Flash.h */,
				49BDF4D327C5B5BE00325407 /* InterpretedEffect.cpp */,
				49BDF4D527C5B5BE00325407 /* InterpretedEffect.h */,
				4966134B2E00D2E400296791 /* PostLightController.cpp */,
				4966134A2E00D2D300296791 /* PostLightController.h */,
			);
			name = src;
			sourceTree = "<group>";
		};
/* End PBXGroup section */

/* Begin PBXNativeTarget section */
		49DAA642278B212E00F67EEB /* PostLightController */ = {
			isa = PBXNativeTarget;
			buildConfigurationList = 49DAA64A278B212E00F67EEB /* Build configuration list for PBXNativeTarget "PostLightController" */;
			buildPhases = (
				496613592E021A1300296791 /* Compile PostLightEffects.clvr */,
				49DAA63F278B212E00F67EEB /* Sources */,
				49DAA640278B212E00F67EEB /* Frameworks */,
			);
			buildRules = (
			);
			dependencies = (
				49132D992E9C563C0005AE5D /* PBXTargetDependency */,
			);
			name = PostLightController;
			productName = CompileArly;
			productReference = 49DAA643278B212E00F67EEB /* PostLightController */;
			productType = "com.apple.product-type.tool";
		};
/* End PBXNativeTarget section */

/* Begin PBXProject section */
		49DAA63B278B212E00F67EEB /* Project object */ = {
			isa = PBXProject;
			attributes = {
				BuildIndependentTargetsInParallel = 1;
				LastUpgradeCheck = 2600;
				TargetAttributes = {
					49DAA642278B212E00F67EEB = {
						CreatedOnToolsVersion = 13.2.1;
					};
				};
			};
			buildConfigurationList = 49DAA63E278B212E00F67EEB /* Build configuration list for PBXProject "PostLightController" */;
			compatibilityVersion = "Xcode 13.0";
			developmentRegion = en;
			hasScannedForEncodings = 0;
			knownRegions = (
				en,
				Base,
			);
			mainGroup = 49DAA63A278B212E00F67EEB;
			productRefGroup = 49DAA644278B212E00F67EEB /* Products */;
			projectDirPath = "";
			projectReferences = (
				{
					ProductGroup = 49132D932E9C56260005AE5D /* Products */;
					ProjectRef = 49132D902E9C56260005AE5D /* ESPlib.xcodeproj */;
				},
			);
			projectRoot = "";
			targets = (
				49DAA642278B212E00F67EEB /* PostLightController */,
			);
		};
/* End PBXProject section */

/* Begin PBXReferenceProxy section */
		49132D972E9C56260005AE5D /* libESPlib.a */ = {
			isa = PBXReferenceProxy;
			fileType = archive.ar;
			path = libESPlib.a;
			remoteRef = 49132D962E9C56260005AE5D /* PBXContainerItemProxy */;
			sourceTree = BUILT_PRODUCTS_DIR;
		};
		492744002E9D819E00AF8FA1 /* Vesper */ = {
			isa = PBXReferenceProxy;
			fileType = "compiled.mach-o.executable";
			path = Vesper;
			remoteRef = 492743FF2E9D819E00AF8FA1 /* PBXContainerItemProxy */;
			sourceTree = BUILT_PRODUCTS_DIR;
		};
		492744572E9DC68D00AF8FA1 /* webby */ = {
			isa = PBXReferenceProxy;
			fileType = "compiled.mach-o.executable";
			path = webby;
			remoteRef = 492744562E9DC68D00AF8FA1 /* PBXContainerItemProxy */;
			sourceTree = BUILT_PRODUCTS_DIR;
		};
/* End PBXReferenceProxy section */

/* Begin PBXShellScriptBuildPhase section */
		496613592E021A1300296791 /* Compile PostLightEffects.clvr */ = {
			isa = PBXShellScriptBuildPhase;
			alwaysOutOfDate = 1;
			buildActionMask = 2147483647;
			files = (
			);
			inputFileListPaths = (
			);
			inputPaths = (
				"$(SRCROOT)/PostLightEffects.clvr",
			);
			name = "Compile PostLightEffects.clvr";
			outputFileListPaths = (
			);
			outputPaths = (
			);
			runOnlyForDeploymentPostprocessing = 0;
			shellPath = /bin/sh;
			shellScript = "# Type a script or drag a script file from your workspace to insert its path.\n/usr/local/bin/clvr $SRCROOT/../PostLightEffects.clvr\n";
		};
/* End PBXShellScriptBuildPhase section */

/* Begin PBXSourcesBuildPhase section */
		49DAA63F278B212E00F67EEB /* Sources */ = {
			isa = PBXSourcesBuildPhase;
			buildActionMask = 2147483647;
			files = (
				498F28032DF0FF8000DFB022 /* AST.cpp in Sources */,
				498F28102DF0FFF800DFB022 /* Interpreter.cpp in Sources */,
				4966134C2E00D2E700296791 /* PostLightController.cpp in Sources */,
				498F28052DF0FF9300DFB022 /* NativeCore.cpp in Sources */,
				4966135A2E07192800296791 /* Flash.cpp in Sources */,
				498F28112DF1000000DFB022 /* NativeCoreRuntime.cpp in Sources */,
				498F280A2DF0FF9300DFB022 /* Module.cpp in Sources */,
				498F280B2DF0FF9300DFB022 /* Function.cpp in Sources */,
				49DAA647278B212E00F67EEB /* main.cpp in Sources */,
				498F27E12DF0E86D00DFB022 /* Format.cpp in Sources */,
				4966135B2E07192F00296791 /* InterpretedEffect.cpp in Sources */,
			);
			runOnlyForDeploymentPostprocessing = 0;
		};
/* End PBXSourcesBuildPhase section */

/* Begin PBXTargetDependency section */
		49132D992E9C563C0005AE5D /* PBXTargetDependency */ = {
			isa = PBXTargetDependency;
			name = ESPlib;
			targetProxy = 49132D982E9C563C0005AE5D /* PBXContainerItemProxy */;
		};
/* End PBXTargetDependency section */

/* Begin XCBuildConfiguration section */
		49DAA648278B212E00F67EEB /* Debug */ = {
			isa = XCBuildConfiguration;
			buildSettings = {
				ALWAYS_SEARCH_USER_PATHS = NO;
				CLANG_ANALYZER_NONNULL = YES;
				CLANG_ANALYZER_NUMBER_OBJECT_CONVERSION = YES_AGGRESSIVE;
				CLANG_CXX_LANGUAGE_STANDARD = "c++20";
				CLANG_CXX_LIBRARY = "libc++";
				CLANG_ENABLE_MODULES = YES;
				CLANG_ENABLE_OBJC_ARC = YES;
				CLANG_ENABLE_OBJC_WEAK = YES;
				CLANG_WARN_BLOCK_CAPTURE_AUTORELEASING = YES;
				CLANG_WARN_BOOL_CONVERSION = YES;
				CLANG_WARN_COMMA = YES;
				CLANG_WARN_CONSTANT_CONVERSION = YES;
				CLANG_WARN_DEPRECATED_OBJC_IMPLEMENTATIONS = YES;
				CLANG_WARN_DIRECT_OBJC_ISA_USAGE = YES_ERROR;
				CLANG_WARN_DOCUMENTATION_COMMENTS = YES;
				CLANG_WARN_EMPTY_BODY = YES;
				CLANG_WARN_ENUM_CONVERSION = YES;
				CLANG_WARN_INFINITE_RECURSION = YES;
				CLANG_WARN_INT_CONVERSION = YES;
				CLANG_WARN_NON_LITERAL_NULL_CONVERSION = YES;
				CLANG_WARN_OBJC_IMPLICIT_RETAIN_SELF = YES;
				CLANG_WARN_OBJC_LITERAL_CONVERSION = YES;
				CLANG_WARN_OBJC_ROOT_CLASS = YES_ERROR;
				CLANG_WARN_QUOTED_INCLUDE_IN_FRAMEWORK_HEADER = YES;
				CLANG_WARN_RANGE_LOOP_ANALYSIS = YES;
				CLANG_WARN_STRICT_PROTOTYPES = YES;
				CLANG_WARN_SUSPICIOUS_MOVE = YES;
				CLANG_WARN_UNGUARDED_AVAILABILITY = YES_AGGRESSIVE;
				CLANG_WARN_UNREACHABLE_CODE = YES;
				CLANG_WARN__DUPLICATE_METHOD_MATCH = YES;
				COPY_PHASE_STRIP = NO;
				DEAD_CODE_STRIPPING = YES;
				DEBUG_INFORMATION_FORMAT = dwarf;
				ENABLE_STRICT_OBJC_MSGSEND = YES;
				ENABLE_TESTABILITY = YES;
				ENABLE_USER_SCRIPT_SANDBOXING = YES;
				GCC_C_LANGUAGE_STANDARD = gnu11;
				GCC_DYNAMIC_NO_PIC = NO;
				GCC_NO_COMMON_BLOCKS = YES;
				GCC_OPTIMIZATION_LEVEL = 0;
				GCC_PREPROCESSOR_DEFINITIONS = (
					"DEBUG=1",
					"$(inherited)",
				);
				GCC_WARN_64_TO_32_BIT_CONVERSION = YES;
				GCC_WARN_ABOUT_RETURN_TYPE = YES_ERROR;
				GCC_WARN_UNDECLARED_SELECTOR = YES;
				GCC_WARN_UNINITIALIZED_AUTOS = YES_AGGRESSIVE;
				GCC_WARN_UNUSED_FUNCTION = YES;
				GCC_WARN_UNUSED_VARIABLE = YES;
				MACOSX_DEPLOYMENT_TARGET = 11.6;
				MTL_ENABLE_DEBUG_INFO = INCLUDE_SOURCE;
				MTL_FAST_MATH = YES;
				ONLY_ACTIVE_ARCH = YES;
				SDKROOT = macosx;
				STRING_CATALOG_GENERATE_SYMBOLS = YES;
			};
			name = Debug;
		};
		49DAA649278B212E00F67EEB /* Release */ = {
			isa = XCBuildConfiguration;
			buildSettings = {
				ALWAYS_SEARCH_USER_PATHS = NO;
				CLANG_ANALYZER_NONNULL = YES;
				CLANG_ANALYZER_NUMBER_OBJECT_CONVERSION = YES_AGGRESSIVE;
				CLANG_CXX_LANGUAGE_STANDARD = "c++20";
				CLANG_CXX_LIBRARY = "libc++";
				CLANG_ENABLE_MODULES = YES;
				CLANG_ENABLE_OBJC_ARC = YES;
				CLANG_ENABLE_OBJC_WEAK = YES;
				CLANG_WARN_BLOCK_CAPTURE_AUTORELEASING = YES;
				CLANG_WARN_BOOL_CONVERSION = YES;
				CLANG_WARN_COMMA = YES;
				CLANG_WARN_CONSTANT_CONVERSION = YES;
				CLANG_WARN_DEPRECATED_OBJC_IMPLEMENTATIONS = YES;
				CLANG_WARN_DIRECT_OBJC_ISA_USAGE = YES_ERROR;
				CLANG_WARN_DOCUMENTATION_COMMENTS = YES;
				CLANG_WARN_EMPTY_BODY = YES;
				CLANG_WARN_ENUM_CONVERSION = YES;
				CLANG_WARN_INFINITE_RECURSION = YES;
				CLANG_WARN_INT_CONVERSION = YES;
				CLANG_WARN_NON_LITERAL_NULL_CONVERSION = YES;
				CLANG_WARN_OBJC_IMPLICIT_RETAIN_SELF = YES;
				CLANG_WARN_OBJC_LITERAL_CONVERSION = YES;
				CLANG_WARN_OBJC_ROOT_CLASS = YES_ERROR;
				CLANG_WARN_QUOTED_INCLUDE_IN_FRAMEWORK_HEADER = YES;
				CLANG_WARN_RANGE_LOOP_ANALYSIS = YES;
				CLANG_WARN_STRICT_PROTOTYPES = YES;
				CLANG_WARN_SUSPICIOUS_MOVE = YES;
				CLANG_WARN_UNGUARDED_AVAILABILITY = YES_AGGRESSIVE;
				CLANG_WARN_UNREACHABLE_CODE = YES;
				CLANG_WARN__DUPLICATE_METHOD_MATCH = YES;
				COPY_PHASE_STRIP = NO;
				DEAD_CODE_STRIPPING = YES;
				DEBUG_INFORMATION_FORMAT = "dwarf-with-dsym";
				ENABLE_NS_ASSERTIONS = NO;
				ENABLE_STRICT_OBJC_MSGSEND = YES;
				ENABLE_USER_SCRIPT_SANDBOXING = YES;
				GCC_C_LANGUAGE_STANDARD = gnu11;
				GCC_NO_COMMON_BLOCKS = YES;
				GCC_WARN_64_TO_32_BIT_CONVERSION = YES;
				GCC_WARN_ABOUT_RETURN_TYPE = YES_ERROR;
				GCC_WARN_UNDECLARED_SELECTOR = YES;
				GCC_WARN_UNINITIALIZED_AUTOS = YES_AGGRESSIVE;
				GCC_WARN_UNUSED_FUNCTION = YES;
				GCC_WARN_UNUSED_VARIABLE = YES;
				MACOSX_DEPLOYMENT_TARGET = 11.6;
				MTL_ENABLE_DEBUG_INFO = NO;
				MTL_FAST_MATH = YES;
				SDKROOT = macosx;
				STRING_CATALOG_GENERATE_SYMBOLS = YES;
			};
			name = Release;
		};
		49DAA64B278B212E00F67EEB /* Debug */ = {
			isa = XCBuildConfiguration;
			buildSettings = {
				CODE_SIGN_IDENTITY = "-";
				CODE_SIGN_STYLE = Automatic;
				DEAD_CODE_STRIPPING = YES;
				HEADER_SEARCH_PATHS = "$(CONFIGURATION_BUILD_DIR)/usr/local/include";
				MACOSX_DEPLOYMENT_TARGET = 26.0;
				PRODUCT_NAME = "$(TARGET_NAME)";
			};
			name = Debug;
		};
		49DAA64C278B212E00F67EEB /* Release */ = {
			isa = XCBuildConfiguration;
			buildSettings = {
				CODE_SIGN_IDENTITY = "-";
				CODE_SIGN_STYLE = Automatic;
				DEAD_CODE_STRIPPING = YES;
				HEADER_SEARCH_PATHS = "$(CONFIGURATION_BUILD_DIR)/usr/local/include";
				MACOSX_DEPLOYMENT_TARGET = 26.0;
				PRODUCT_NAME = "$(TARGET_NAME)";
			};
			name = Release;
		};
/* End XCBuildConfiguration section */

/* Begin XCConfigurationList section */
		49DAA63E278B212E00F67EEB /* Build configuration list for PBXProject "PostLightController" */ = {
			isa = XCConfigurationList;
			buildConfigurations = (
				49DAA648278B212E00F67EEB /* Debug */,
				49DAA649278B212E00F67EEB /* Release */,
			);
			defaultConfigurationIsVisible = 0;
			defaultConfigurationName = Release;
		};
		49DAA64A278B212E00F67EEB /* Build configuration list for PBXNativeTarget "PostLightController" */ = {
			isa = XCConfigurationList;
			buildConfigurations = (
				49DAA64B278B212E00F67EEB /* Debug */,
				49DAA64C278B212E00F67EEB /* Release */,
			);
			defaultConfigurationIsVisible = 0;
			defaultConfigurationName = Release;
		};
/* End XCConfigurationList section */
	};
	rootObject = 49DAA63B278B212E00F67EEB /* Project object */;
}
